<Solution>
  <Project Path="src/FrameCast.App/FrameCast.App.csproj" Id="8ccc371f-cc04-490e-8a75-f024449983f3" />
  <Project Path="src/FrameCast.Capture.Windows/FrameCast.Capture.Windows.csproj" Id="de3238be-acc5-4e98-8e5a-46b79d0212a6" />
  <Project Path="src/FrameCast.Core/FrameCast.Core.csproj" Id="b6b7470b-737a-4aaf-91bc-00d11dd83ba3" />
  <Project Path="src/FrameCast.Encoding/FrameCast.Encoding.csproj" Id="0e0f1249-19eb-4d56-9202-466707b4f752" />
  <Project Path="src/FrameCast.Protocol/FrameCast.Protocol.csproj" Id="a9a51e48-1cfc-4e62-85c2-8e269c12f413" />
  <Project Path="src/FrameCast.Server/FrameCast.Server.csproj" Id="25a3b44b-c53b-44f4-9207-c654277af6a8" />
  <Project Path="src/FrameCast.Transport/FrameCast.Transport.csproj" Id="4d0c1222-20b0-43a6-a9be-b882f1f11794" />
</Solution>
